{"projectHash":"22c29c46dbcf37adac1e23b8cd90b8890dd16ece","productModuleName":"TutorialProjectTests","mockedTypeNames":["\/Users\/user\/Desktop\/TutorialProject\/TutorialProjectTests\/TestLoginPresenter.swift",["LoginDisplay"],"\/Users\/user\/Desktop\/TutorialProject\/TutorialProjectTests\/TutorialProjectTests.swift",[]],"cliVersion":"0.20.0","sourceFilePaths":[{"path":"\/Users\/user\/Desktop\/TutorialProject\/MockingbirdMocks\/TutorialProjectTests-TutorialProjectMocks.generated.swift","hash":"ed87206f82298dc3471bf161c0623fc122b3ec50"},{"path":"\/Users\/user\/Desktop\/TutorialProject\/TutorialProjectTests\/TestLoginPresenter.swift","hash":"5e7ba5a08ab0946902fc1d53385349e7423a1bbc"},{"path":"\/Users\/user\/Desktop\/TutorialProject\/TutorialProjectTests\/TutorialProjectTests.swift","hash":"62bb0dd73924508867d51ad81e686b13254d355d"}],"sourceRoot":"\/Users\/user\/Desktop\/TutorialProject","dependencies":[],"name":"TutorialProjectTests"}