{"cliVersion":"0.20.0","productModuleName":"TutorialProject","sourceFilePaths":[{"path":"\/Users\/user\/Desktop\/TutorialProject\/TutorialProject\/APIServices\/AuthAPIService.swift","hash":"8546145b9b7ca5ead8c3d4fa8623c2cda0bdc688"},{"path":"\/Users\/user\/Desktop\/TutorialProject\/TutorialProject\/APIServices\/AuthRepository.swift","hash":"90f883008ad49a70600a6cb319790b731c285670"},{"path":"\/Users\/user\/Desktop\/TutorialProject\/TutorialProject\/AppDelegate.swift","hash":"4f475b203a4c020c414106fc2c785d0181451a7a"},{"path":"\/Users\/user\/Desktop\/TutorialProject\/TutorialProject\/Entity\/Entity.swift","hash":"54c0c602dc71c5a30f047a5b05dc2965f2c28cca"},{"path":"\/Users\/user\/Desktop\/TutorialProject\/TutorialProject\/NetWork\/AuthRouter.swift","hash":"105622368fb14e9ef561f986ed45d8d9f3b085c0"},{"path":"\/Users\/user\/Desktop\/TutorialProject\/TutorialProject\/NetWork\/NetWorkConstant.swift","hash":"4a88395100d13ce6b7165767741e6868af7a9624"},{"path":"\/Users\/user\/Desktop\/TutorialProject\/TutorialProject\/RegisterViewController\/RegisterViewController.swift","hash":"24916a4cc9ec26ea428cf8fa8dd398caec19afb3"},{"path":"\/Users\/user\/Desktop\/TutorialProject\/TutorialProject\/SceneDelegate.swift","hash":"f3f495ad9ee2ce61ccc2de4217a52c8cc4a71e37"},{"path":"\/Users\/user\/Desktop\/TutorialProject\/TutorialProject\/Screens\/LoginPresenter.swift","hash":"7213c8e31d1b79984c174f69beb165070e61adde"},{"path":"\/Users\/user\/Desktop\/TutorialProject\/TutorialProject\/Screens\/LoginViewController.swift","hash":"a18e2cee435325413caff43fc137f2a5a291aee0"},{"path":"\/Users\/user\/Desktop\/TutorialProject\/TutorialProject\/TutoriallViewController.swift","hash":"2f87297f77eb6f2392844c3b913ee08e8ab4bcca"},{"path":"\/Users\/user\/Desktop\/TutorialProject\/TutorialProject\/cellfile\/ItemSection1CollectionViewCell.swift","hash":"6c1c25f2fceb82ab1d8b9d010b2c8c59b8d67c7b"}],"configHash":"5824683f040326bd22ae4f4ac865f73e0d616d34","dependencyPathsHash":"4a55e4f53525832bdc2f921958138f1d3ab091bc","targetPathsHash":"4df7d70678c969e7425ae814697c3cbebe15ee89","mockedTypesHash":"0c8f79f198cec79a96b8fbe78336262768fd000d","outputHash":"9a12237ab49fd0e3d654db71c77208e66b855d78","dependencies":[],"sourceRoot":"\/Users\/user\/Desktop\/TutorialProject","supportingFilePaths":[{"path":"\/Users\/user\/Desktop\/TutorialProject\/MockingbirdSupport\/AppKit\/NSResponder.swift","hash":"21296949c6d570892c8665a450e62c234c938790"},{"path":"\/Users\/user\/Desktop\/TutorialProject\/MockingbirdSupport\/AppKit\/NSView.swift","hash":"85b3183be144012a7e105e292426c3d9f8966072"},{"path":"\/Users\/user\/Desktop\/TutorialProject\/MockingbirdSupport\/AppKit\/NSViewController.swift","hash":"d8785e8a119f2723c8840534df0ad8ac61409797"},{"path":"\/Users\/user\/Desktop\/TutorialProject\/MockingbirdSupport\/Foundation\/ObjectiveC\/NSObject.swift","hash":"cf466772b8c2d80d31f34b93b501b398fbb8854d"},{"path":"\/Users\/user\/Desktop\/TutorialProject\/MockingbirdSupport\/Foundation\/ObjectiveC\/NSObject.swift","hash":"cf466772b8c2d80d31f34b93b501b398fbb8854d"},{"path":"\/Users\/user\/Desktop\/TutorialProject\/MockingbirdSupport\/Swift\/Codable.swift","hash":"57675d8b36a2db7b093b3542bd3225a88992c3bc"},{"path":"\/Users\/user\/Desktop\/TutorialProject\/MockingbirdSupport\/Swift\/Comparable.swift","hash":"d0d110744eeaf2f8fdd2f8a41df3452f35286bb7"},{"path":"\/Users\/user\/Desktop\/TutorialProject\/MockingbirdSupport\/Swift\/Equatable.swift","hash":"2e7674f4e23a5ab7aef45b91b63c0ed5934c3b83"},{"path":"\/Users\/user\/Desktop\/TutorialProject\/MockingbirdSupport\/Swift\/Hashable.swift","hash":"f59ec249aa03e312f2bda7c3b397c0dccd880a21"},{"path":"\/Users\/user\/Desktop\/TutorialProject\/MockingbirdSupport\/Swift\/Misc.swift","hash":"c139249ec5799f1ec64c3d9e7d8c1f286b894035"},{"path":"\/Users\/user\/Desktop\/TutorialProject\/MockingbirdSupport\/UIKit\/UIControl.swift","hash":"9363a4c38002598dbbc1198f16fe7198b8151d24"},{"path":"\/Users\/user\/Desktop\/TutorialProject\/MockingbirdSupport\/UIKit\/UILabel.swift","hash":"e26a734695bfe008598ed0d8c936683db78f40ac"},{"path":"\/Users\/user\/Desktop\/TutorialProject\/MockingbirdSupport\/UIKit\/UIView.swift","hash":"10e6b03a9c5a76f720c17fcb82af82ff66994926"},{"path":"\/Users\/user\/Desktop\/TutorialProject\/MockingbirdSupport\/UIKit\/UIViewController.swift","hash":"bbd8980a22029f339b0e8746124fd06d94730570"}],"name":"TutorialProject","projectHash":"70f18d8e3a5aa540da7ceef03fc1f1e137f5f6d7"}