{"projectHash":"70f18d8e3a5aa540da7ceef03fc1f1e137f5f6d7","productModuleName":"TutorialProjectTests","mockedTypeNames":["\/Users\/user\/Desktop\/TutorialProject\/TutorialProjectTests\/TestLoginPresenter.swift",["LoginDisplay"]],"cliVersion":"0.20.0","sourceFilePaths":[{"path":"\/Users\/user\/Desktop\/TutorialProject\/MockingbirdMocks\/TutorialProjectTests-TutorialProjectMocks.generated.swift","hash":"9a12237ab49fd0e3d654db71c77208e66b855d78"},{"path":"\/Users\/user\/Desktop\/TutorialProject\/TutorialProjectTests\/TestLoginPresenter.swift","hash":"3f7829d5658854dd1a607e9848809f42ff0754e7"}],"sourceRoot":"\/Users\/user\/Desktop\/TutorialProject","dependencies":[],"name":"TutorialProjectTests"}