{"projectHash":"4cb82752412447353f2c3d6e6c87fbc343262c25","productModuleName":"TutorialProjectTests","mockedTypeNames":["\/Users\/user\/Desktop\/TutorialProject\/TutorialProjectTests\/TestLoginPresenter.swift",["LoginDisplay"]],"cliVersion":"0.20.0","sourceFilePaths":[{"path":"\/Users\/user\/Desktop\/TutorialProject\/MockingbirdMocks\/TutorialProjectTests-TutorialProjectMocks.generated.swift","hash":"7af48d33b4fbf6d69ed408b0ffce8f805608e055"},{"path":"\/Users\/user\/Desktop\/TutorialProject\/TutorialProjectTests\/TestLoginPresenter.swift","hash":"f01661b134e222c1f573e5aac1e67cc973236d1d"}],"sourceRoot":"\/Users\/user\/Desktop\/TutorialProject","dependencies":[],"name":"TutorialProjectTests"}