// !$*UTF8*$!
{
	archiveVersion = 1;
	classes = {
	};
	objectVersion = 56;
	objects = {

/* Begin PBXBuildFile section */
		69F55D586183B466BE87871A /* Pods_TutorialProject.framework in Frameworks */ = {isa = PBXBuildFile; fileRef = 1F162FB5B0AC1806E0F74692 /* Pods_TutorialProject.framework */; };
		8A2A99B6C86BDCB8481A46F6 /* TutorialProjectTests-TutorialProjectMocks.generated.swift in Sources */ = {isa = PBXBuildFile; fileRef = 3CB514222EC118B8C8A5F977 /* TutorialProjectTests-TutorialProjectMocks.generated.swift */; };
		CE01079B2A39E44500D6C138 /* PostRouter.swift in Sources */ = {isa = PBXBuildFile; fileRef = CE01079A2A39E44500D6C138 /* PostRouter.swift */; };
		CE01079D2A39E45700D6C138 /* PostAPISever.swift in Sources */ = {isa = PBXBuildFile; fileRef = CE01079C2A39E45700D6C138 /* PostAPISever.swift */; };
		CE01079F2A39EB3200D6C138 /* ArrayPesponse.swift in Sources */ = {isa = PBXBuildFile; fileRef = CE01079E2A39EB3200D6C138 /* ArrayPesponse.swift */; };
		CE0107A12A39ECA700D6C138 /* PostGetEntity.swift in Sources */ = {isa = PBXBuildFile; fileRef = CE0107A02A39ECA700D6C138 /* PostGetEntity.swift */; };
		CE0107A62A39F51800D6C138 /* HomeTableViewCell.swift in Sources */ = {isa = PBXBuildFile; fileRef = CE0107A42A39F51800D6C138 /* HomeTableViewCell.swift */; };
		CE0107A72A39F51800D6C138 /* HomeTableViewCell.xib in Resources */ = {isa = PBXBuildFile; fileRef = CE0107A52A39F51800D6C138 /* HomeTableViewCell.xib */; };
		CE0107A92A39F5CC00D6C138 /* PostGetPepository.swift in Sources */ = {isa = PBXBuildFile; fileRef = CE0107A82A39F5CC00D6C138 /* PostGetPepository.swift */; };
		CE0107AE2A3A240C00D6C138 /* HomePresenter.swift in Sources */ = {isa = PBXBuildFile; fileRef = CE0107AD2A3A240C00D6C138 /* HomePresenter.swift */; };
		CE0107B02A3A250100D6C138 /* HomePostViewController.swift in Sources */ = {isa = PBXBuildFile; fileRef = CE0107AF2A3A250100D6C138 /* HomePostViewController.swift */; };
		CE228108ED8EDF2E17168267 /* Pods_TutorialProject_TutorialProjectTests.framework in Frameworks */ = {isa = PBXBuildFile; fileRef = 8B21E320D9B0FB86AB787DCE /* Pods_TutorialProject_TutorialProjectTests.framework */; };
		CE2421EA2A2E101A004A5B85 /* LoginPresenter.swift in Sources */ = {isa = PBXBuildFile; fileRef = CE2421E92A2E101A004A5B85 /* LoginPresenter.swift */; };
		CE2421ED2A2E1265004A5B85 /* TestLoginPresenter.swift in Sources */ = {isa = PBXBuildFile; fileRef = CE2421EB2A2E1109004A5B85 /* TestLoginPresenter.swift */; };
		CE2421F02A2E21D4004A5B85 /* AuthRepository.swift in Sources */ = {isa = PBXBuildFile; fileRef = CE2421EF2A2E21D4004A5B85 /* AuthRepository.swift */; };
		CE2421F32A2E229D004A5B85 /* Entity.swift in Sources */ = {isa = PBXBuildFile; fileRef = CE2421F22A2E229D004A5B85 /* Entity.swift */; };
		CE2421F62A2E242C004A5B85 /* AuthAPIService.swift in Sources */ = {isa = PBXBuildFile; fileRef = CE2421F52A2E242C004A5B85 /* AuthAPIService.swift */; };
		CE2421FC2A2F8716004A5B85 /* LoginViewController.swift in Sources */ = {isa = PBXBuildFile; fileRef = CE2421E72A2E1000004A5B85 /* LoginViewController.swift */; };
		CE2422002A3022CB004A5B85 /* RegisterViewController.swift in Sources */ = {isa = PBXBuildFile; fileRef = CE2421FF2A3022CB004A5B85 /* RegisterViewController.swift */; };
		CE2601582A374BA500A99C4D /* MaintabbarViewcontroller.swift in Sources */ = {isa = PBXBuildFile; fileRef = CE2601572A374BA500A99C4D /* MaintabbarViewcontroller.swift */; };
		CE26015C2A37524200A99C4D /* CustomStyleTabBarContentView.swift in Sources */ = {isa = PBXBuildFile; fileRef = CE26015B2A37524200A99C4D /* CustomStyleTabBarContentView.swift */; };
		CE28E3F02A2ADE3800663DA5 /* AppDelegate.swift in Sources */ = {isa = PBXBuildFile; fileRef = CE28E3EF2A2ADE3800663DA5 /* AppDelegate.swift */; };
		CE28E3F22A2ADE3800663DA5 /* SceneDelegate.swift in Sources */ = {isa = PBXBuildFile; fileRef = CE28E3F12A2ADE3800663DA5 /* SceneDelegate.swift */; };
		CE28E3F72A2ADE3800663DA5 /* Main.storyboard in Resources */ = {isa = PBXBuildFile; fileRef = CE28E3F52A2ADE3800663DA5 /* Main.storyboard */; };
		CE28E3F92A2ADE3A00663DA5 /* Assets.xcassets in Resources */ = {isa = PBXBuildFile; fileRef = CE28E3F82A2ADE3A00663DA5 /* Assets.xcassets */; };
		CE28E3FC2A2ADE3A00663DA5 /* LaunchScreen.storyboard in Resources */ = {isa = PBXBuildFile; fileRef = CE28E3FA2A2ADE3A00663DA5 /* LaunchScreen.storyboard */; };
		CE28E4072A2ADF3200663DA5 /* ItemSection1CollectionViewCell.xib in Resources */ = {isa = PBXBuildFile; fileRef = CE28E4042A2ADF3200663DA5 /* ItemSection1CollectionViewCell.xib */; };
		CE28E4082A2ADF3200663DA5 /* ItemSection1CollectionViewCell.swift in Sources */ = {isa = PBXBuildFile; fileRef = CE28E4052A2ADF3200663DA5 /* ItemSection1CollectionViewCell.swift */; };
		CE28E4092A2ADF3200663DA5 /* TutoriallViewController.swift in Sources */ = {isa = PBXBuildFile; fileRef = CE28E4062A2ADF3200663DA5 /* TutoriallViewController.swift */; };
		CE30A6F92A3B5CE6005A9D6C /* SettingViewController.swift in Sources */ = {isa = PBXBuildFile; fileRef = CE30A6F82A3B5CE6005A9D6C /* SettingViewController.swift */; };
		CE30A6FE2A3F43EC005A9D6C /* FavoriteRepository.swift in Sources */ = {isa = PBXBuildFile; fileRef = CE30A6FD2A3F43EC005A9D6C /* FavoriteRepository.swift */; };
		CE30A7002A3F47B0005A9D6C /* PinPostRepository.swift in Sources */ = {isa = PBXBuildFile; fileRef = CE30A6FF2A3F47B0005A9D6C /* PinPostRepository.swift */; };
		CE30A7032A3F4AD8005A9D6C /* FavoriteAPISevices.swift in Sources */ = {isa = PBXBuildFile; fileRef = CE30A7022A3F4AD8005A9D6C /* FavoriteAPISevices.swift */; };
		CE30A7052A3F4AFD005A9D6C /* FavoriteRouter.swift in Sources */ = {isa = PBXBuildFile; fileRef = CE30A7042A3F4AFD005A9D6C /* FavoriteRouter.swift */; };
		CE30A7072A3F59C0005A9D6C /* PinPostRouter.swift in Sources */ = {isa = PBXBuildFile; fileRef = CE30A7062A3F59C0005A9D6C /* PinPostRouter.swift */; };
		CE30A70B2A3F5A25005A9D6C /* PinPostAPISevices.swift in Sources */ = {isa = PBXBuildFile; fileRef = CE30A70A2A3F5A25005A9D6C /* PinPostAPISevices.swift */; };
		CE30A7122A3F5DFE005A9D6C /* FavoriteTableViewCell.xib in Resources */ = {isa = PBXBuildFile; fileRef = CE30A70E2A3F5DFE005A9D6C /* FavoriteTableViewCell.xib */; };
		CE30A7132A3F5DFE005A9D6C /* FavoriteTableViewCell.swift in Sources */ = {isa = PBXBuildFile; fileRef = CE30A70F2A3F5DFE005A9D6C /* FavoriteTableViewCell.swift */; };
		CE30A7142A3F5DFE005A9D6C /* FavoriteViewController.swift in Sources */ = {isa = PBXBuildFile; fileRef = CE30A7102A3F5DFE005A9D6C /* FavoriteViewController.swift */; };
		CE30A7152A3F5DFE005A9D6C /* FavoritePresenter.swift in Sources */ = {isa = PBXBuildFile; fileRef = CE30A7112A3F5DFE005A9D6C /* FavoritePresenter.swift */; };
		CE30A71E2A3FED15005A9D6C /* PinPostTableViewCell.xib in Resources */ = {isa = PBXBuildFile; fileRef = CE30A71A2A3FED15005A9D6C /* PinPostTableViewCell.xib */; };
		CE30A71F2A3FED15005A9D6C /* PinPostTableViewCell.swift in Sources */ = {isa = PBXBuildFile; fileRef = CE30A71B2A3FED15005A9D6C /* PinPostTableViewCell.swift */; };
		CE30A7202A3FED15005A9D6C /* PinPostViewController.swift in Sources */ = {isa = PBXBuildFile; fileRef = CE30A71C2A3FED15005A9D6C /* PinPostViewController.swift */; };
		CE30A7212A3FED15005A9D6C /* PinPostPresenter.swift in Sources */ = {isa = PBXBuildFile; fileRef = CE30A71D2A3FED15005A9D6C /* PinPostPresenter.swift */; };
		CE5DD3CF2A30B1AB001FEA17 /* AuthRouter.swift in Sources */ = {isa = PBXBuildFile; fileRef = CE5DD3CE2A30B1AA001FEA17 /* AuthRouter.swift */; };
		CE5DD3D22A30B2D6001FEA17 /* Constant.swift in Sources */ = {isa = PBXBuildFile; fileRef = CE5DD3D12A30B2D6001FEA17 /* Constant.swift */; };
		CE5DD3D42A3197CE001FEA17 /* RegisterPresenter.swift in Sources */ = {isa = PBXBuildFile; fileRef = CE5DD3D32A3197CE001FEA17 /* RegisterPresenter.swift */; };
		CEA7B5D12A396CB600BFE518 /* MainDefaultUITabbarController.swift in Sources */ = {isa = PBXBuildFile; fileRef = CEA7B5D02A396CB600BFE518 /* MainDefaultUITabbarController.swift */; };
		CEBDC9CB2A334ABF0042DF97 /* UserDefaultServices.swift in Sources */ = {isa = PBXBuildFile; fileRef = CEBDC9CA2A334ABF0042DF97 /* UserDefaultServices.swift */; };
		CEBDC9CD2A33561D0042DF97 /* AuthService.swift in Sources */ = {isa = PBXBuildFile; fileRef = CEBDC9CC2A33561D0042DF97 /* AuthService.swift */; };
/* End PBXBuildFile section */

/* Begin PBXContainerItemProxy section */
		CE2421E22A2E0AFC004A5B85 /* PBXContainerItemProxy */ = {
			isa = PBXContainerItemProxy;
			containerPortal = CE28E3E42A2ADE3800663DA5 /* Project object */;
			proxyType = 1;
			remoteGlobalIDString = CE28E3EB2A2ADE3800663DA5;
			remoteInfo = TutorialProject;
		};
/* End PBXContainerItemProxy section */

/* Begin PBXFileReference section */
		070695996B3422D430924221 /* Pods-TutorialProject.release.xcconfig */ = {isa = PBXFileReference; includeInIndex = 1; lastKnownFileType = text.xcconfig; name = "Pods-TutorialProject.release.xcconfig"; path = "Target Support Files/Pods-TutorialProject/Pods-TutorialProject.release.xcconfig"; sourceTree = "<group>"; };
		1F162FB5B0AC1806E0F74692 /* Pods_TutorialProject.framework */ = {isa = PBXFileReference; explicitFileType = wrapper.framework; includeInIndex = 0; path = Pods_TutorialProject.framework; sourceTree = BUILT_PRODUCTS_DIR; };
		3CB514222EC118B8C8A5F977 /* TutorialProjectTests-TutorialProjectMocks.generated.swift */ = {isa = PBXFileReference; explicitFileType = sourcecode.swift; name = "TutorialProjectTests-TutorialProjectMocks.generated.swift"; path = "MockingbirdMocks/TutorialProjectTests-TutorialProjectMocks.generated.swift"; sourceTree = "<group>"; };
		6A5DAA0BF8206378F1A35751 /* Pods-TutorialProject-TutorialProjectTests.release.xcconfig */ = {isa = PBXFileReference; includeInIndex = 1; lastKnownFileType = text.xcconfig; name = "Pods-TutorialProject-TutorialProjectTests.release.xcconfig"; path = "Target Support Files/Pods-TutorialProject-TutorialProjectTests/Pods-TutorialProject-TutorialProjectTests.release.xcconfig"; sourceTree = "<group>"; };
		8B21E320D9B0FB86AB787DCE /* Pods_TutorialProject_TutorialProjectTests.framework */ = {isa = PBXFileReference; explicitFileType = wrapper.framework; includeInIndex = 0; path = Pods_TutorialProject_TutorialProjectTests.framework; sourceTree = BUILT_PRODUCTS_DIR; };
		CE01079A2A39E44500D6C138 /* PostRouter.swift */ = {isa = PBXFileReference; lastKnownFileType = sourcecode.swift; path = PostRouter.swift; sourceTree = "<group>"; };
		CE01079C2A39E45700D6C138 /* PostAPISever.swift */ = {isa = PBXFileReference; lastKnownFileType = sourcecode.swift; path = PostAPISever.swift; sourceTree = "<group>"; };
		CE01079E2A39EB3200D6C138 /* ArrayPesponse.swift */ = {isa = PBXFileReference; lastKnownFileType = sourcecode.swift; path = ArrayPesponse.swift; sourceTree = "<group>"; };
		CE0107A02A39ECA700D6C138 /* PostGetEntity.swift */ = {isa = PBXFileReference; lastKnownFileType = sourcecode.swift; path = PostGetEntity.swift; sourceTree = "<group>"; };
		CE0107A42A39F51800D6C138 /* HomeTableViewCell.swift */ = {isa = PBXFileReference; lastKnownFileType = sourcecode.swift; path = HomeTableViewCell.swift; sourceTree = "<group>"; };
		CE0107A52A39F51800D6C138 /* HomeTableViewCell.xib */ = {isa = PBXFileReference; lastKnownFileType = file.xib; path = HomeTableViewCell.xib; sourceTree = "<group>"; };
		CE0107A82A39F5CC00D6C138 /* PostGetPepository.swift */ = {isa = PBXFileReference; lastKnownFileType = sourcecode.swift; path = PostGetPepository.swift; sourceTree = "<group>"; };
		CE0107AD2A3A240C00D6C138 /* HomePresenter.swift */ = {isa = PBXFileReference; lastKnownFileType = sourcecode.swift; path = HomePresenter.swift; sourceTree = "<group>"; };
		CE0107AF2A3A250100D6C138 /* HomePostViewController.swift */ = {isa = PBXFileReference; lastKnownFileType = sourcecode.swift; path = HomePostViewController.swift; sourceTree = "<group>"; };
		CE2421DE2A2E0AFC004A5B85 /* TutorialProjectTests.xctest */ = {isa = PBXFileReference; explicitFileType = wrapper.cfbundle; includeInIndex = 0; path = TutorialProjectTests.xctest; sourceTree = BUILT_PRODUCTS_DIR; };
		CE2421E72A2E1000004A5B85 /* LoginViewController.swift */ = {isa = PBXFileReference; lastKnownFileType = sourcecode.swift; path = LoginViewController.swift; sourceTree = "<group>"; };
		CE2421E92A2E101A004A5B85 /* LoginPresenter.swift */ = {isa = PBXFileReference; lastKnownFileType = sourcecode.swift; path = LoginPresenter.swift; sourceTree = "<group>"; };
		CE2421EB2A2E1109004A5B85 /* TestLoginPresenter.swift */ = {isa = PBXFileReference; lastKnownFileType = sourcecode.swift; path = TestLoginPresenter.swift; sourceTree = "<group>"; };
		CE2421EF2A2E21D4004A5B85 /* AuthRepository.swift */ = {isa = PBXFileReference; lastKnownFileType = sourcecode.swift; path = AuthRepository.swift; sourceTree = "<group>"; };
		CE2421F22A2E229D004A5B85 /* Entity.swift */ = {isa = PBXFileReference; lastKnownFileType = sourcecode.swift; path = Entity.swift; sourceTree = "<group>"; };
		CE2421F52A2E242C004A5B85 /* AuthAPIService.swift */ = {isa = PBXFileReference; lastKnownFileType = sourcecode.swift; path = AuthAPIService.swift; sourceTree = "<group>"; };
		CE2421FF2A3022CB004A5B85 /* RegisterViewController.swift */ = {isa = PBXFileReference; lastKnownFileType = sourcecode.swift; path = RegisterViewController.swift; sourceTree = "<group>"; };
		CE2601572A374BA500A99C4D /* MaintabbarViewcontroller.swift */ = {isa = PBXFileReference; lastKnownFileType = sourcecode.swift; path = MaintabbarViewcontroller.swift; sourceTree = "<group>"; };
		CE26015B2A37524200A99C4D /* CustomStyleTabBarContentView.swift */ = {isa = PBXFileReference; fileEncoding = 4; lastKnownFileType = sourcecode.swift; path = CustomStyleTabBarContentView.swift; sourceTree = "<group>"; };
		CE28E3EC2A2ADE3800663DA5 /* TutorialProject.app */ = {isa = PBXFileReference; explicitFileType = wrapper.application; includeInIndex = 0; path = TutorialProject.app; sourceTree = BUILT_PRODUCTS_DIR; };
		CE28E3EF2A2ADE3800663DA5 /* AppDelegate.swift */ = {isa = PBXFileReference; lastKnownFileType = sourcecode.swift; path = AppDelegate.swift; sourceTree = "<group>"; };
		CE28E3F12A2ADE3800663DA5 /* SceneDelegate.swift */ = {isa = PBXFileReference; lastKnownFileType = sourcecode.swift; path = SceneDelegate.swift; sourceTree = "<group>"; };
		CE28E3F62A2ADE3800663DA5 /* Base */ = {isa = PBXFileReference; lastKnownFileType = file.storyboard; name = Base; path = Base.lproj/Main.storyboard; sourceTree = "<group>"; };
		CE28E3F82A2ADE3A00663DA5 /* Assets.xcassets */ = {isa = PBXFileReference; lastKnownFileType = folder.assetcatalog; path = Assets.xcassets; sourceTree = "<group>"; };
		CE28E3FB2A2ADE3A00663DA5 /* Base */ = {isa = PBXFileReference; lastKnownFileType = file.storyboard; name = Base; path = Base.lproj/LaunchScreen.storyboard; sourceTree = "<group>"; };
		CE28E3FD2A2ADE3A00663DA5 /* Info.plist */ = {isa = PBXFileReference; lastKnownFileType = text.plist.xml; path = Info.plist; sourceTree = "<group>"; };
		CE28E4042A2ADF3200663DA5 /* ItemSection1CollectionViewCell.xib */ = {isa = PBXFileReference; fileEncoding = 4; lastKnownFileType = file.xib; path = ItemSection1CollectionViewCell.xib; sourceTree = "<group>"; };
		CE28E4052A2ADF3200663DA5 /* ItemSection1CollectionViewCell.swift */ = {isa = PBXFileReference; fileEncoding = 4; lastKnownFileType = sourcecode.swift; path = ItemSection1CollectionViewCell.swift; sourceTree = "<group>"; };
		CE28E4062A2ADF3200663DA5 /* TutoriallViewController.swift */ = {isa = PBXFileReference; fileEncoding = 4; lastKnownFileType = sourcecode.swift; path = TutoriallViewController.swift; sourceTree = "<group>"; };
		CE30A6F82A3B5CE6005A9D6C /* SettingViewController.swift */ = {isa = PBXFileReference; lastKnownFileType = sourcecode.swift; path = SettingViewController.swift; sourceTree = "<group>"; };
		CE30A6FD2A3F43EC005A9D6C /* FavoriteRepository.swift */ = {isa = PBXFileReference; lastKnownFileType = sourcecode.swift; path = FavoriteRepository.swift; sourceTree = "<group>"; };
		CE30A6FF2A3F47B0005A9D6C /* PinPostRepository.swift */ = {isa = PBXFileReference; lastKnownFileType = sourcecode.swift; path = PinPostRepository.swift; sourceTree = "<group>"; };
		CE30A7022A3F4AD8005A9D6C /* FavoriteAPISevices.swift */ = {isa = PBXFileReference; lastKnownFileType = sourcecode.swift; path = FavoriteAPISevices.swift; sourceTree = "<group>"; };
		CE30A7042A3F4AFD005A9D6C /* FavoriteRouter.swift */ = {isa = PBXFileReference; lastKnownFileType = sourcecode.swift; path = FavoriteRouter.swift; sourceTree = "<group>"; };
		CE30A7062A3F59C0005A9D6C /* PinPostRouter.swift */ = {isa = PBXFileReference; lastKnownFileType = sourcecode.swift; path = PinPostRouter.swift; sourceTree = "<group>"; };
		CE30A70A2A3F5A25005A9D6C /* PinPostAPISevices.swift */ = {isa = PBXFileReference; lastKnownFileType = sourcecode.swift; path = PinPostAPISevices.swift; sourceTree = "<group>"; };
		CE30A70E2A3F5DFE005A9D6C /* FavoriteTableViewCell.xib */ = {isa = PBXFileReference; fileEncoding = 4; lastKnownFileType = file.xib; path = FavoriteTableViewCell.xib; sourceTree = "<group>"; };
		CE30A70F2A3F5DFE005A9D6C /* FavoriteTableViewCell.swift */ = {isa = PBXFileReference; fileEncoding = 4; lastKnownFileType = sourcecode.swift; path = FavoriteTableViewCell.swift; sourceTree = "<group>"; };
		CE30A7102A3F5DFE005A9D6C /* FavoriteViewController.swift */ = {isa = PBXFileReference; fileEncoding = 4; lastKnownFileType = sourcecode.swift; path = FavoriteViewController.swift; sourceTree = "<group>"; };
		CE30A7112A3F5DFE005A9D6C /* FavoritePresenter.swift */ = {isa = PBXFileReference; fileEncoding = 4; lastKnownFileType = sourcecode.swift; path = FavoritePresenter.swift; sourceTree = "<group>"; };
		CE30A71A2A3FED15005A9D6C /* PinPostTableViewCell.xib */ = {isa = PBXFileReference; fileEncoding = 4; lastKnownFileType = file.xib; path = PinPostTableViewCell.xib; sourceTree = "<group>"; };
		CE30A71B2A3FED15005A9D6C /* PinPostTableViewCell.swift */ = {isa = PBXFileReference; fileEncoding = 4; lastKnownFileType = sourcecode.swift; path = PinPostTableViewCell.swift; sourceTree = "<group>"; };
		CE30A71C2A3FED15005A9D6C /* PinPostViewController.swift */ = {isa = PBXFileReference; fileEncoding = 4; lastKnownFileType = sourcecode.swift; path = PinPostViewController.swift; sourceTree = "<group>"; };
		CE30A71D2A3FED15005A9D6C /* PinPostPresenter.swift */ = {isa = PBXFileReference; fileEncoding = 4; lastKnownFileType = sourcecode.swift; path = PinPostPresenter.swift; sourceTree = "<group>"; };
		CE5DD3CE2A30B1AA001FEA17 /* AuthRouter.swift */ = {isa = PBXFileReference; lastKnownFileType = sourcecode.swift; path = AuthRouter.swift; sourceTree = "<group>"; };
		CE5DD3D12A30B2D6001FEA17 /* Constant.swift */ = {isa = PBXFileReference; lastKnownFileType = sourcecode.swift; path = Constant.swift; sourceTree = "<group>"; };
		CE5DD3D32A3197CE001FEA17 /* RegisterPresenter.swift */ = {isa = PBXFileReference; lastKnownFileType = sourcecode.swift; path = RegisterPresenter.swift; sourceTree = "<group>"; };
		CEA7B5D02A396CB600BFE518 /* MainDefaultUITabbarController.swift */ = {isa = PBXFileReference; lastKnownFileType = sourcecode.swift; path = MainDefaultUITabbarController.swift; sourceTree = "<group>"; };
		CEBDC9CA2A334ABF0042DF97 /* UserDefaultServices.swift */ = {isa = PBXFileReference; lastKnownFileType = sourcecode.swift; path = UserDefaultServices.swift; sourceTree = "<group>"; };
		CEBDC9CC2A33561D0042DF97 /* AuthService.swift */ = {isa = PBXFileReference; lastKnownFileType = sourcecode.swift; path = AuthService.swift; sourceTree = "<group>"; };
		D19ADBC27A0EC2F1431AAB88 /* Pods-TutorialProject-TutorialProjectTests.debug.xcconfig */ = {isa = PBXFileReference; includeInIndex = 1; lastKnownFileType = text.xcconfig; name = "Pods-TutorialProject-TutorialProjectTests.debug.xcconfig"; path = "Target Support Files/Pods-TutorialProject-TutorialProjectTests/Pods-TutorialProject-TutorialProjectTests.debug.xcconfig"; sourceTree = "<group>"; };
		DF60AFE8A250A94AA76E043D /* Pods-TutorialProject.debug.xcconfig */ = {isa = PBXFileReference; includeInIndex = 1; lastKnownFileType = text.xcconfig; name = "Pods-TutorialProject.debug.xcconfig"; path = "Target Support Files/Pods-TutorialProject/Pods-TutorialProject.debug.xcconfig"; sourceTree = "<group>"; };
/* End PBXFileReference section */

/* Begin PBXFrameworksBuildPhase section */
		CE2421DB2A2E0AFC004A5B85 /* Frameworks */ = {
			isa = PBXFrameworksBuildPhase;
			buildActionMask = 2147483647;
			files = (
				CE228108ED8EDF2E17168267 /* Pods_TutorialProject_TutorialProjectTests.framework in Frameworks */,
			);
			runOnlyForDeploymentPostprocessing = 0;
		};
		CE28E3E92A2ADE3800663DA5 /* Frameworks */ = {
			isa = PBXFrameworksBuildPhase;
			buildActionMask = 2147483647;
			files = (
				69F55D586183B466BE87871A /* Pods_TutorialProject.framework in Frameworks */,
			);
			runOnlyForDeploymentPostprocessing = 0;
		};
/* End PBXFrameworksBuildPhase section */

/* Begin PBXGroup section */
		72D4EC8B2DDB58610D6CEEAA /* Frameworks */ = {
			isa = PBXGroup;
			children = (
				1F162FB5B0AC1806E0F74692 /* Pods_TutorialProject.framework */,
				8B21E320D9B0FB86AB787DCE /* Pods_TutorialProject_TutorialProjectTests.framework */,
			);
			name = Frameworks;
			sourceTree = "<group>";
		};
		91F0420C994FF4EE2DB56024 /* Pods */ = {
			isa = PBXGroup;
			children = (
				DF60AFE8A250A94AA76E043D /* Pods-TutorialProject.debug.xcconfig */,
				070695996B3422D430924221 /* Pods-TutorialProject.release.xcconfig */,
				D19ADBC27A0EC2F1431AAB88 /* Pods-TutorialProject-TutorialProjectTests.debug.xcconfig */,
				6A5DAA0BF8206378F1A35751 /* Pods-TutorialProject-TutorialProjectTests.release.xcconfig */,
			);
			path = Pods;
			sourceTree = "<group>";
		};
		9440DBB6AF0863D703BF9BBA /* Generated Mocks */ = {
			isa = PBXGroup;
			children = (
				3CB514222EC118B8C8A5F977 /* TutorialProjectTests-TutorialProjectMocks.generated.swift */,
			);
			name = "Generated Mocks";
			sourceTree = "<group>";
		};
		CE0107992A39E41F00D6C138 /* PostAPISevices */ = {
			isa = PBXGroup;
			children = (
				CE01079A2A39E44500D6C138 /* PostRouter.swift */,
				CE01079C2A39E45700D6C138 /* PostAPISever.swift */,
				CE01079E2A39EB3200D6C138 /* ArrayPesponse.swift */,
				CE0107A82A39F5CC00D6C138 /* PostGetPepository.swift */,
			);
			path = PostAPISevices;
			sourceTree = "<group>";
		};
		CE0107AA2A3A23B400D6C138 /* Home */ = {
			isa = PBXGroup;
			children = (
				CE537D3E2A39E36D0085F8DE /* HomeCell */,
				CE0107AF2A3A250100D6C138 /* HomePostViewController.swift */,
				CE0107AD2A3A240C00D6C138 /* HomePresenter.swift */,
			);
			path = Home;
			sourceTree = "<group>";
		};
		CE2421DF2A2E0AFC004A5B85 /* TutorialProjectTests */ = {
			isa = PBXGroup;
			children = (
				CE2421EB2A2E1109004A5B85 /* TestLoginPresenter.swift */,
			);
			path = TutorialProjectTests;
			sourceTree = "<group>";
		};
		CE2421F12A2E228C004A5B85 /* Entity */ = {
			isa = PBXGroup;
			children = (
				CE2421F22A2E229D004A5B85 /* Entity.swift */,
				CE0107A02A39ECA700D6C138 /* PostGetEntity.swift */,
			);
			path = Entity;
			sourceTree = "<group>";
		};
		CE2421F42A2E23F5004A5B85 /* Login+RegisterAPIServices */ = {
			isa = PBXGroup;
			children = (
				CE2421F52A2E242C004A5B85 /* AuthAPIService.swift */,
				CE2421EF2A2E21D4004A5B85 /* AuthRepository.swift */,
			);
			path = "Login+RegisterAPIServices";
			sourceTree = "<group>";
		};
		CE2421F72A2ED2DC004A5B85 /* Login + Screens */ = {
			isa = PBXGroup;
			children = (
				CE2421E72A2E1000004A5B85 /* LoginViewController.swift */,
				CE2421E92A2E101A004A5B85 /* LoginPresenter.swift */,
			);
			path = "Login + Screens";
			sourceTree = "<group>";
		};
		CE2421FE2A302298004A5B85 /* RegisterViewController */ = {
			isa = PBXGroup;
			children = (
				CE2421FF2A3022CB004A5B85 /* RegisterViewController.swift */,
				CE5DD3D32A3197CE001FEA17 /* RegisterPresenter.swift */,
			);
			path = RegisterViewController;
			sourceTree = "<group>";
		};
		CE2601562A374B8400A99C4D /* NaviTabbar */ = {
			isa = PBXGroup;
			children = (
				CEA7B5D02A396CB600BFE518 /* MainDefaultUITabbarController.swift */,
				CE26015B2A37524200A99C4D /* CustomStyleTabBarContentView.swift */,
				CE2601572A374BA500A99C4D /* MaintabbarViewcontroller.swift */,
			);
			path = NaviTabbar;
			sourceTree = "<group>";
		};
		CE28E3E32A2ADE3800663DA5 = {
			isa = PBXGroup;
			children = (
				CE28E3EE2A2ADE3800663DA5 /* TutorialProject */,
				CE2421DF2A2E0AFC004A5B85 /* TutorialProjectTests */,
				CE28E3ED2A2ADE3800663DA5 /* Products */,
				91F0420C994FF4EE2DB56024 /* Pods */,
				72D4EC8B2DDB58610D6CEEAA /* Frameworks */,
				9440DBB6AF0863D703BF9BBA /* Generated Mocks */,
			);
			sourceTree = "<group>";
		};
		CE28E3ED2A2ADE3800663DA5 /* Products */ = {
			isa = PBXGroup;
			children = (
				CE28E3EC2A2ADE3800663DA5 /* TutorialProject.app */,
				CE2421DE2A2E0AFC004A5B85 /* TutorialProjectTests.xctest */,
			);
			name = Products;
			sourceTree = "<group>";
		};
		CE28E3EE2A2ADE3800663DA5 /* TutorialProject */ = {
			isa = PBXGroup;
			children = (
				CE2421F12A2E228C004A5B85 /* Entity */,
				CEBDC9C92A334AA10042DF97 /* Servisces */,
				CE0107992A39E41F00D6C138 /* PostAPISevices */,
				CE2421F42A2E23F5004A5B85 /* Login+RegisterAPIServices */,
				CE5DD3D02A30B2A5001FEA17 /* NetWork  */,
				CE30A7012A3F4AB4005A9D6C /* FavoriteAPISevices */,
				CE30A6FA2A3F433B005A9D6C /* PinPostAPISevices */,
				CE2601562A374B8400A99C4D /* NaviTabbar */,
				CE30A7182A3FED15005A9D6C /* PinPost */,
				CE30A70C2A3F5DFE005A9D6C /* Favorite */,
				CEA7B5CF2A396B5800BFE518 /* Screens */,
				CE28E3EF2A2ADE3800663DA5 /* AppDelegate.swift */,
				CE28E3F12A2ADE3800663DA5 /* SceneDelegate.swift */,
				CE28E3F52A2ADE3800663DA5 /* Main.storyboard */,
				CE28E3F82A2ADE3A00663DA5 /* Assets.xcassets */,
				CE28E3FA2A2ADE3A00663DA5 /* LaunchScreen.storyboard */,
				CE28E3FD2A2ADE3A00663DA5 /* Info.plist */,
			);
			path = TutorialProject;
			sourceTree = "<group>";
		};
		CE28E4032A2ADF3200663DA5 /* cellfile */ = {
			isa = PBXGroup;
			children = (
				CE28E4052A2ADF3200663DA5 /* ItemSection1CollectionViewCell.swift */,
				CE28E4042A2ADF3200663DA5 /* ItemSection1CollectionViewCell.xib */,
			);
			path = cellfile;
			sourceTree = "<group>";
		};
		CE30A6F72A3B5CC9005A9D6C /* SettingViewController */ = {
			isa = PBXGroup;
			children = (
				CE30A6F82A3B5CE6005A9D6C /* SettingViewController.swift */,
			);
			path = SettingViewController;
			sourceTree = "<group>";
		};
		CE30A6FA2A3F433B005A9D6C /* PinPostAPISevices */ = {
			isa = PBXGroup;
			children = (
				CE30A6FF2A3F47B0005A9D6C /* PinPostRepository.swift */,
				CE30A70A2A3F5A25005A9D6C /* PinPostAPISevices.swift */,
				CE30A7062A3F59C0005A9D6C /* PinPostRouter.swift */,
			);
			path = PinPostAPISevices;
			sourceTree = "<group>";
		};
		CE30A7012A3F4AB4005A9D6C /* FavoriteAPISevices */ = {
			isa = PBXGroup;
			children = (
				CE30A7042A3F4AFD005A9D6C /* FavoriteRouter.swift */,
				CE30A7022A3F4AD8005A9D6C /* FavoriteAPISevices.swift */,
				CE30A6FD2A3F43EC005A9D6C /* FavoriteRepository.swift */,
			);
			path = FavoriteAPISevices;
			sourceTree = "<group>";
		};
		CE30A70C2A3F5DFE005A9D6C /* Favorite */ = {
			isa = PBXGroup;
			children = (
				CE30A70D2A3F5DFE005A9D6C /* Cells */,
				CE30A7102A3F5DFE005A9D6C /* FavoriteViewController.swift */,
				CE30A7112A3F5DFE005A9D6C /* FavoritePresenter.swift */,
			);
			path = Favorite;
			sourceTree = "<group>";
		};
		CE30A70D2A3F5DFE005A9D6C /* Cells */ = {
			isa = PBXGroup;
			children = (
				CE30A70E2A3F5DFE005A9D6C /* FavoriteTableViewCell.xib */,
				CE30A70F2A3F5DFE005A9D6C /* FavoriteTableViewCell.swift */,
			);
			path = Cells;
			sourceTree = "<group>";
		};
		CE30A7182A3FED15005A9D6C /* PinPost */ = {
			isa = PBXGroup;
			children = (
				CE30A7192A3FED15005A9D6C /* Cells */,
				CE30A71C2A3FED15005A9D6C /* PinPostViewController.swift */,
				CE30A71D2A3FED15005A9D6C /* PinPostPresenter.swift */,
			);
			path = PinPost;
			sourceTree = "<group>";
		};
		CE30A7192A3FED15005A9D6C /* Cells */ = {
			isa = PBXGroup;
			children = (
				CE30A71A2A3FED15005A9D6C /* PinPostTableViewCell.xib */,
				CE30A71B2A3FED15005A9D6C /* PinPostTableViewCell.swift */,
			);
			path = Cells;
			sourceTree = "<group>";
		};
		CE537D3E2A39E36D0085F8DE /* HomeCell */ = {
			isa = PBXGroup;
			children = (
				CE0107A42A39F51800D6C138 /* HomeTableViewCell.swift */,
				CE0107A52A39F51800D6C138 /* HomeTableViewCell.xib */,
			);
			path = HomeCell;
			sourceTree = "<group>";
		};
		CE5DD3D02A30B2A5001FEA17 /* NetWork  */ = {
			isa = PBXGroup;
			children = (
				CE5DD3CE2A30B1AA001FEA17 /* AuthRouter.swift */,
				CE5DD3D12A30B2D6001FEA17 /* Constant.swift */,
			);
			path = "NetWork ";
			sourceTree = "<group>";
		};
		CEA7B5CF2A396B5800BFE518 /* Screens */ = {
			isa = PBXGroup;
			children = (
				CE30A6F72A3B5CC9005A9D6C /* SettingViewController */,
				CE0107AA2A3A23B400D6C138 /* Home */,
				CE2421FE2A302298004A5B85 /* RegisterViewController */,
				CE2421F72A2ED2DC004A5B85 /* Login + Screens */,
				CE28E4032A2ADF3200663DA5 /* cellfile */,
				CE28E4062A2ADF3200663DA5 /* TutoriallViewController.swift */,
			);
			path = Screens;
			sourceTree = "<group>";
		};
		CEBDC9C92A334AA10042DF97 /* Servisces */ = {
			isa = PBXGroup;
			children = (
				CEBDC9CA2A334ABF0042DF97 /* UserDefaultServices.swift */,
				CEBDC9CC2A33561D0042DF97 /* AuthService.swift */,
			);
			path = Servisces;
			sourceTree = "<group>";
		};
/* End PBXGroup section */

/* Begin PBXNativeTarget section */
		CE2421DD2A2E0AFC004A5B85 /* TutorialProjectTests */ = {
			isa = PBXNativeTarget;
			buildConfigurationList = CE2421E62A2E0AFC004A5B85 /* Build configuration list for PBXNativeTarget "TutorialProjectTests" */;
			buildPhases = (
				9B1762926486773568C26D55 /* [CP] Check Pods Manifest.lock */,
				39C9CD878C6AB9B09C222CA2 /* Generate Mockingbird Mocks */,
				CE2421DA2A2E0AFC004A5B85 /* Sources */,
				CE2421DB2A2E0AFC004A5B85 /* Frameworks */,
				CE2421DC2A2E0AFC004A5B85 /* Resources */,
				D4FAB25BC5F7B17702ED76B3 /* [CP] Embed Pods Frameworks */,
			);
			buildRules = (
			);
			dependencies = (
				CE2421E32A2E0AFC004A5B85 /* PBXTargetDependency */,
			);
			name = TutorialProjectTests;
			productName = TutorialProjectTests;
			productReference = CE2421DE2A2E0AFC004A5B85 /* TutorialProjectTests.xctest */;
			productType = "com.apple.product-type.bundle.unit-test";
		};
		CE28E3EB2A2ADE3800663DA5 /* TutorialProject */ = {
			isa = PBXNativeTarget;
			buildConfigurationList = CE28E4002A2ADE3A00663DA5 /* Build configuration list for PBXNativeTarget "TutorialProject" */;
			buildPhases = (
				1E965E711E518D66502D1084 /* [CP] Check Pods Manifest.lock */,
				CE28E3E82A2ADE3800663DA5 /* Sources */,
				CE28E3E92A2ADE3800663DA5 /* Frameworks */,
				CE28E3EA2A2ADE3800663DA5 /* Resources */,
				539381E164102813C55364B2 /* [CP] Embed Pods Frameworks */,
			);
			buildRules = (
			);
			dependencies = (
			);
			name = TutorialProject;
			productName = TutorialProject;
			productReference = CE28E3EC2A2ADE3800663DA5 /* TutorialProject.app */;
			productType = "com.apple.product-type.application";
		};
/* End PBXNativeTarget section */

/* Begin PBXProject section */
		CE28E3E42A2ADE3800663DA5 /* Project object */ = {
			isa = PBXProject;
			attributes = {
				BuildIndependentTargetsInParallel = 1;
				LastSwiftUpdateCheck = 1420;
				LastUpgradeCheck = 1420;
				TargetAttributes = {
					CE2421DD2A2E0AFC004A5B85 = {
						CreatedOnToolsVersion = 14.2;
						TestTargetID = CE28E3EB2A2ADE3800663DA5;
					};
					CE28E3EB2A2ADE3800663DA5 = {
						CreatedOnToolsVersion = 14.2;
					};
				};
			};
			buildConfigurationList = CE28E3E72A2ADE3800663DA5 /* Build configuration list for PBXProject "TutorialProject" */;
			compatibilityVersion = "Xcode 14.0";
			developmentRegion = en;
			hasScannedForEncodings = 0;
			knownRegions = (
				en,
				Base,
			);
			mainGroup = CE28E3E32A2ADE3800663DA5;
			productRefGroup = CE28E3ED2A2ADE3800663DA5 /* Products */;
			projectDirPath = "";
			projectRoot = "";
			targets = (
				CE28E3EB2A2ADE3800663DA5 /* TutorialProject */,
				CE2421DD2A2E0AFC004A5B85 /* TutorialProjectTests */,
			);
		};
/* End PBXProject section */

/* Begin PBXResourcesBuildPhase section */
		CE2421DC2A2E0AFC004A5B85 /* Resources */ = {
			isa = PBXResourcesBuildPhase;
			buildActionMask = 2147483647;
			files = (
			);
			runOnlyForDeploymentPostprocessing = 0;
		};
		CE28E3EA2A2ADE3800663DA5 /* Resources */ = {
			isa = PBXResourcesBuildPhase;
			buildActionMask = 2147483647;
			files = (
				CE28E3FC2A2ADE3A00663DA5 /* LaunchScreen.storyboard in Resources */,
				CE28E3F92A2ADE3A00663DA5 /* Assets.xcassets in Resources */,
				CE30A71E2A3FED15005A9D6C /* PinPostTableViewCell.xib in Resources */,
				CE28E3F72A2ADE3800663DA5 /* Main.storyboard in Resources */,
				CE0107A72A39F51800D6C138 /* HomeTableViewCell.xib in Resources */,
				CE28E4072A2ADF3200663DA5 /* ItemSection1CollectionViewCell.xib in Resources */,
				CE30A7122A3F5DFE005A9D6C /* FavoriteTableViewCell.xib in Resources */,
			);
			runOnlyForDeploymentPostprocessing = 0;
		};
/* End PBXResourcesBuildPhase section */

/* Begin PBXShellScriptBuildPhase section */
		1E965E711E518D66502D1084 /* [CP] Check Pods Manifest.lock */ = {
			isa = PBXShellScriptBuildPhase;
			buildActionMask = 2147483647;
			files = (
			);
			inputFileListPaths = (
			);
			inputPaths = (
				"${PODS_PODFILE_DIR_PATH}/Podfile.lock",
				"${PODS_ROOT}/Manifest.lock",
			);
			name = "[CP] Check Pods Manifest.lock";
			outputFileListPaths = (
			);
			outputPaths = (
				"$(DERIVED_FILE_DIR)/Pods-TutorialProject-checkManifestLockResult.txt",
			);
			runOnlyForDeploymentPostprocessing = 0;
			shellPath = /bin/sh;
			shellScript = "diff \"${PODS_PODFILE_DIR_PATH}/Podfile.lock\" \"${PODS_ROOT}/Manifest.lock\" > /dev/null\nif [ $? != 0 ] ; then\n    # print error to STDERR\n    echo \"error: The sandbox is not in sync with the Podfile.lock. Run 'pod install' or update your CocoaPods installation.\" >&2\n    exit 1\nfi\n# This output is used by Xcode 'outputs' to avoid re-running this script phase.\necho \"SUCCESS\" > \"${SCRIPT_OUTPUT_FILE_0}\"\n";
			showEnvVarsInLog = 0;
		};
		39C9CD878C6AB9B09C222CA2 /* Generate Mockingbird Mocks */ = {
			isa = PBXShellScriptBuildPhase;
			alwaysOutOfDate = 1;
			buildActionMask = 2147483647;
			files = (
			);
			inputPaths = (
			);
			name = "Generate Mockingbird Mocks";
			outputPaths = (
				"$(SRCROOT)/MockingbirdMocks/TutorialProjectTests-TutorialProjectMocks.generated.swift",
			);
			runOnlyForDeploymentPostprocessing = 0;
			shellPath = /bin/sh;
			shellScript = "set -eu\n\n# Prevent Xcode 13 from running this script while indexing.\n[[ \"${ACTION}\" == \"indexbuild\" ]] && exit 0\n\n\"${SRCROOT}/Pods/MockingbirdFramework/mockingbird\" generate --targets \"TutorialProject\" --outputs \"${SRCROOT}/MockingbirdMocks/TutorialProjectTests-TutorialProjectMocks.generated.swift\"";
		};
		539381E164102813C55364B2 /* [CP] Embed Pods Frameworks */ = {
			isa = PBXShellScriptBuildPhase;
			buildActionMask = 2147483647;
			files = (
			);
			inputFileListPaths = (
				"${PODS_ROOT}/Target Support Files/Pods-TutorialProject/Pods-TutorialProject-frameworks-${CONFIGURATION}-input-files.xcfilelist",
			);
			name = "[CP] Embed Pods Frameworks";
			outputFileListPaths = (
				"${PODS_ROOT}/Target Support Files/Pods-TutorialProject/Pods-TutorialProject-frameworks-${CONFIGURATION}-output-files.xcfilelist",
			);
			runOnlyForDeploymentPostprocessing = 0;
			shellPath = /bin/sh;
			shellScript = "\"${PODS_ROOT}/Target Support Files/Pods-TutorialProject/Pods-TutorialProject-frameworks.sh\"\n";
			showEnvVarsInLog = 0;
		};
		9B1762926486773568C26D55 /* [CP] Check Pods Manifest.lock */ = {
			isa = PBXShellScriptBuildPhase;
			buildActionMask = 2147483647;
			files = (
			);
			inputFileListPaths = (
			);
			inputPaths = (
				"${PODS_PODFILE_DIR_PATH}/Podfile.lock",
				"${PODS_ROOT}/Manifest.lock",
			);
			name = "[CP] Check Pods Manifest.lock";
			outputFileListPaths = (
			);
			outputPaths = (
				"$(DERIVED_FILE_DIR)/Pods-TutorialProject-TutorialProjectTests-checkManifestLockResult.txt",
			);
			runOnlyForDeploymentPostprocessing = 0;
			shellPath = /bin/sh;
			shellScript = "diff \"${PODS_PODFILE_DIR_PATH}/Podfile.lock\" \"${PODS_ROOT}/Manifest.lock\" > /dev/null\nif [ $? != 0 ] ; then\n    # print error to STDERR\n    echo \"error: The sandbox is not in sync with the Podfile.lock. Run 'pod install' or update your CocoaPods installation.\" >&2\n    exit 1\nfi\n# This output is used by Xcode 'outputs' to avoid re-running this script phase.\necho \"SUCCESS\" > \"${SCRIPT_OUTPUT_FILE_0}\"\n";
			showEnvVarsInLog = 0;
		};
		D4FAB25BC5F7B17702ED76B3 /* [CP] Embed Pods Frameworks */ = {
			isa = PBXShellScriptBuildPhase;
			buildActionMask = 2147483647;
			files = (
			);
			inputFileListPaths = (
				"${PODS_ROOT}/Target Support Files/Pods-TutorialProject-TutorialProjectTests/Pods-TutorialProject-TutorialProjectTests-frameworks-${CONFIGURATION}-input-files.xcfilelist",
			);
			name = "[CP] Embed Pods Frameworks";
			outputFileListPaths = (
				"${PODS_ROOT}/Target Support Files/Pods-TutorialProject-TutorialProjectTests/Pods-TutorialProject-TutorialProjectTests-frameworks-${CONFIGURATION}-output-files.xcfilelist",
			);
			runOnlyForDeploymentPostprocessing = 0;
			shellPath = /bin/sh;
			shellScript = "\"${PODS_ROOT}/Target Support Files/Pods-TutorialProject-TutorialProjectTests/Pods-TutorialProject-TutorialProjectTests-frameworks.sh\"\n";
			showEnvVarsInLog = 0;
		};
/* End PBXShellScriptBuildPhase section */

/* Begin PBXSourcesBuildPhase section */
		CE2421DA2A2E0AFC004A5B85 /* Sources */ = {
			isa = PBXSourcesBuildPhase;
			buildActionMask = 2147483647;
			files = (
				CE2421ED2A2E1265004A5B85 /* TestLoginPresenter.swift in Sources */,
				8A2A99B6C86BDCB8481A46F6 /* TutorialProjectTests-TutorialProjectMocks.generated.swift in Sources */,
			);
			runOnlyForDeploymentPostprocessing = 0;
		};
		CE28E3E82A2ADE3800663DA5 /* Sources */ = {
			isa = PBXSourcesBuildPhase;
			buildActionMask = 2147483647;
			files = (
				CE30A7052A3F4AFD005A9D6C /* FavoriteRouter.swift in Sources */,
				CE2421F02A2E21D4004A5B85 /* AuthRepository.swift in Sources */,
				CE2422002A3022CB004A5B85 /* RegisterViewController.swift in Sources */,
				CE2421F62A2E242C004A5B85 /* AuthAPIService.swift in Sources */,
				CE28E4092A2ADF3200663DA5 /* TutoriallViewController.swift in Sources */,
				CE5DD3D22A30B2D6001FEA17 /* Constant.swift in Sources */,
				CE30A7152A3F5DFE005A9D6C /* FavoritePresenter.swift in Sources */,
				CE0107A62A39F51800D6C138 /* HomeTableViewCell.swift in Sources */,
				CE0107A12A39ECA700D6C138 /* PostGetEntity.swift in Sources */,
				CE30A70B2A3F5A25005A9D6C /* PinPostAPISevices.swift in Sources */,
				CE30A6FE2A3F43EC005A9D6C /* FavoriteRepository.swift in Sources */,
				CE2421EA2A2E101A004A5B85 /* LoginPresenter.swift in Sources */,
				CE2601582A374BA500A99C4D /* MaintabbarViewcontroller.swift in Sources */,
				CE0107A92A39F5CC00D6C138 /* PostGetPepository.swift in Sources */,
				CE2421F32A2E229D004A5B85 /* Entity.swift in Sources */,
				CE5DD3D42A3197CE001FEA17 /* RegisterPresenter.swift in Sources */,
				CE28E3F02A2ADE3800663DA5 /* AppDelegate.swift in Sources */,
				CE28E3F22A2ADE3800663DA5 /* SceneDelegate.swift in Sources */,
				CE30A71F2A3FED15005A9D6C /* PinPostTableViewCell.swift in Sources */,
				CE5DD3CF2A30B1AB001FEA17 /* AuthRouter.swift in Sources */,
				CE2421FC2A2F8716004A5B85 /* LoginViewController.swift in Sources */,
				CE01079B2A39E44500D6C138 /* PostRouter.swift in Sources */,
				CEBDC9CD2A33561D0042DF97 /* AuthService.swift in Sources */,
				CE30A6F92A3B5CE6005A9D6C /* SettingViewController.swift in Sources */,
				CE0107B02A3A250100D6C138 /* HomePostViewController.swift in Sources */,
				CE30A7132A3F5DFE005A9D6C /* FavoriteTableViewCell.swift in Sources */,
				CE30A7202A3FED15005A9D6C /* PinPostViewController.swift in Sources */,
				CE30A7142A3F5DFE005A9D6C /* FavoriteViewController.swift in Sources */,
				CEA7B5D12A396CB600BFE518 /* MainDefaultUITabbarController.swift in Sources */,
				CEBDC9CB2A334ABF0042DF97 /* UserDefaultServices.swift in Sources */,
				CE30A7032A3F4AD8005A9D6C /* FavoriteAPISevices.swift in Sources */,
				CE01079D2A39E45700D6C138 /* PostAPISever.swift in Sources */,
				CE30A7002A3F47B0005A9D6C /* PinPostRepository.swift in Sources */,
				CE28E4082A2ADF3200663DA5 /* ItemSection1CollectionViewCell.swift in Sources */,
				CE30A7072A3F59C0005A9D6C /* PinPostRouter.swift in Sources */,
				CE0107AE2A3A240C00D6C138 /* HomePresenter.swift in Sources */,
				CE01079F2A39EB3200D6C138 /* ArrayPesponse.swift in Sources */,
				CE30A7212A3FED15005A9D6C /* PinPostPresenter.swift in Sources */,
				CE26015C2A37524200A99C4D /* CustomStyleTabBarContentView.swift in Sources */,
			);
			runOnlyForDeploymentPostprocessing = 0;
		};
/* End PBXSourcesBuildPhase section */

/* Begin PBXTargetDependency section */
		CE2421E32A2E0AFC004A5B85 /* PBXTargetDependency */ = {
			isa = PBXTargetDependency;
			target = CE28E3EB2A2ADE3800663DA5 /* TutorialProject */;
			targetProxy = CE2421E22A2E0AFC004A5B85 /* PBXContainerItemProxy */;
		};
/* End PBXTargetDependency section */

/* Begin PBXVariantGroup section */
		CE28E3F52A2ADE3800663DA5 /* Main.storyboard */ = {
			isa = PBXVariantGroup;
			children = (
				CE28E3F62A2ADE3800663DA5 /* Base */,
			);
			name = Main.storyboard;
			sourceTree = "<group>";
		};
		CE28E3FA2A2ADE3A00663DA5 /* LaunchScreen.storyboard */ = {
			isa = PBXVariantGroup;
			children = (
				CE28E3FB2A2ADE3A00663DA5 /* Base */,
			);
			name = LaunchScreen.storyboard;
			sourceTree = "<group>";
		};
/* End PBXVariantGroup section */

/* Begin XCBuildConfiguration section */
		CE2421E42A2E0AFC004A5B85 /* Debug */ = {
			isa = XCBuildConfiguration;
			baseConfigurationReference = D19ADBC27A0EC2F1431AAB88 /* Pods-TutorialProject-TutorialProjectTests.debug.xcconfig */;
			buildSettings = {
				BUNDLE_LOADER = "$(TEST_HOST)";
				CODE_SIGN_STYLE = Automatic;
				CURRENT_PROJECT_VERSION = 1;
				GENERATE_INFOPLIST_FILE = YES;
				MARKETING_VERSION = 1.0;
				PRODUCT_BUNDLE_IDENTIFIER = vien.dang.TutorialProjectTests;
				PRODUCT_NAME = "$(TARGET_NAME)";
				SWIFT_EMIT_LOC_STRINGS = NO;
				SWIFT_VERSION = 5.0;
				TARGETED_DEVICE_FAMILY = "1,2";
				TEST_HOST = "$(BUILT_PRODUCTS_DIR)/TutorialProject.app/$(BUNDLE_EXECUTABLE_FOLDER_PATH)/TutorialProject";
			};
			name = Debug;
		};
		CE2421E52A2E0AFC004A5B85 /* Release */ = {
			isa = XCBuildConfiguration;
			baseConfigurationReference = 6A5DAA0BF8206378F1A35751 /* Pods-TutorialProject-TutorialProjectTests.release.xcconfig */;
			buildSettings = {
				BUNDLE_LOADER = "$(TEST_HOST)";
				CODE_SIGN_STYLE = Automatic;
				CURRENT_PROJECT_VERSION = 1;
				GENERATE_INFOPLIST_FILE = YES;
				MARKETING_VERSION = 1.0;
				PRODUCT_BUNDLE_IDENTIFIER = vien.dang.TutorialProjectTests;
				PRODUCT_NAME = "$(TARGET_NAME)";
				SWIFT_EMIT_LOC_STRINGS = NO;
				SWIFT_VERSION = 5.0;
				TARGETED_DEVICE_FAMILY = "1,2";
				TEST_HOST = "$(BUILT_PRODUCTS_DIR)/TutorialProject.app/$(BUNDLE_EXECUTABLE_FOLDER_PATH)/TutorialProject";
			};
			name = Release;
		};
		CE28E3FE2A2ADE3A00663DA5 /* Debug */ = {
			isa = XCBuildConfiguration;
			buildSettings = {
				ALWAYS_SEARCH_USER_PATHS = NO;
				CLANG_ANALYZER_NONNULL = YES;
				CLANG_ANALYZER_NUMBER_OBJECT_CONVERSION = YES_AGGRESSIVE;
				CLANG_CXX_LANGUAGE_STANDARD = "gnu++20";
				CLANG_ENABLE_MODULES = YES;
				CLANG_ENABLE_OBJC_ARC = YES;
				CLANG_ENABLE_OBJC_WEAK = YES;
				CLANG_WARN_BLOCK_CAPTURE_AUTORELEASING = YES;
				CLANG_WARN_BOOL_CONVERSION = YES;
				CLANG_WARN_COMMA = YES;
				CLANG_WARN_CONSTANT_CONVERSION = YES;
				CLANG_WARN_DEPRECATED_OBJC_IMPLEMENTATIONS = YES;
				CLANG_WARN_DIRECT_OBJC_ISA_USAGE = YES_ERROR;
				CLANG_WARN_DOCUMENTATION_COMMENTS = YES;
				CLANG_WARN_EMPTY_BODY = YES;
				CLANG_WARN_ENUM_CONVERSION = YES;
				CLANG_WARN_INFINITE_RECURSION = YES;
				CLANG_WARN_INT_CONVERSION = YES;
				CLANG_WARN_NON_LITERAL_NULL_CONVERSION = YES;
				CLANG_WARN_OBJC_IMPLICIT_RETAIN_SELF = YES;
				CLANG_WARN_OBJC_LITERAL_CONVERSION = YES;
				CLANG_WARN_OBJC_ROOT_CLASS = YES_ERROR;
				CLANG_WARN_QUOTED_INCLUDE_IN_FRAMEWORK_HEADER = YES;
				CLANG_WARN_RANGE_LOOP_ANALYSIS = YES;
				CLANG_WARN_STRICT_PROTOTYPES = YES;
				CLANG_WARN_SUSPICIOUS_MOVE = YES;
				CLANG_WARN_UNGUARDED_AVAILABILITY = YES_AGGRESSIVE;
				CLANG_WARN_UNREACHABLE_CODE = YES;
				CLANG_WARN__DUPLICATE_METHOD_MATCH = YES;
				COPY_PHASE_STRIP = NO;
				DEBUG_INFORMATION_FORMAT = dwarf;
				ENABLE_STRICT_OBJC_MSGSEND = YES;
				ENABLE_TESTABILITY = YES;
				GCC_C_LANGUAGE_STANDARD = gnu11;
				GCC_DYNAMIC_NO_PIC = NO;
				GCC_NO_COMMON_BLOCKS = YES;
				GCC_OPTIMIZATION_LEVEL = 0;
				GCC_PREPROCESSOR_DEFINITIONS = (
					"DEBUG=1",
					"$(inherited)",
				);
				GCC_WARN_64_TO_32_BIT_CONVERSION = YES;
				GCC_WARN_ABOUT_RETURN_TYPE = YES_ERROR;
				GCC_WARN_UNDECLARED_SELECTOR = YES;
				GCC_WARN_UNINITIALIZED_AUTOS = YES_AGGRESSIVE;
				GCC_WARN_UNUSED_FUNCTION = YES;
				GCC_WARN_UNUSED_VARIABLE = YES;
				IPHONEOS_DEPLOYMENT_TARGET = 16.2;
				MTL_ENABLE_DEBUG_INFO = INCLUDE_SOURCE;
				MTL_FAST_MATH = YES;
				ONLY_ACTIVE_ARCH = YES;
				SDKROOT = iphoneos;
				SWIFT_ACTIVE_COMPILATION_CONDITIONS = DEBUG;
				SWIFT_OPTIMIZATION_LEVEL = "-Onone";
			};
			name = Debug;
		};
		CE28E3FF2A2ADE3A00663DA5 /* Release */ = {
			isa = XCBuildConfiguration;
			buildSettings = {
				ALWAYS_SEARCH_USER_PATHS = NO;
				CLANG_ANALYZER_NONNULL = YES;
				CLANG_ANALYZER_NUMBER_OBJECT_CONVERSION = YES_AGGRESSIVE;
				CLANG_CXX_LANGUAGE_STANDARD = "gnu++20";
				CLANG_ENABLE_MODULES = YES;
				CLANG_ENABLE_OBJC_ARC = YES;
				CLANG_ENABLE_OBJC_WEAK = YES;
				CLANG_WARN_BLOCK_CAPTURE_AUTORELEASING = YES;
				CLANG_WARN_BOOL_CONVERSION = YES;
				CLANG_WARN_COMMA = YES;
				CLANG_WARN_CONSTANT_CONVERSION = YES;
				CLANG_WARN_DEPRECATED_OBJC_IMPLEMENTATIONS = YES;
				CLANG_WARN_DIRECT_OBJC_ISA_USAGE = YES_ERROR;
				CLANG_WARN_DOCUMENTATION_COMMENTS = YES;
				CLANG_WARN_EMPTY_BODY = YES;
				CLANG_WARN_ENUM_CONVERSION = YES;
				CLANG_WARN_INFINITE_RECURSION = YES;
				CLANG_WARN_INT_CONVERSION = YES;
				CLANG_WARN_NON_LITERAL_NULL_CONVERSION = YES;
				CLANG_WARN_OBJC_IMPLICIT_RETAIN_SELF = YES;
				CLANG_WARN_OBJC_LITERAL_CONVERSION = YES;
				CLANG_WARN_OBJC_ROOT_CLASS = YES_ERROR;
				CLANG_WARN_QUOTED_INCLUDE_IN_FRAMEWORK_HEADER = YES;
				CLANG_WARN_RANGE_LOOP_ANALYSIS = YES;
				CLANG_WARN_STRICT_PROTOTYPES = YES;
				CLANG_WARN_SUSPICIOUS_MOVE = YES;
				CLANG_WARN_UNGUARDED_AVAILABILITY = YES_AGGRESSIVE;
				CLANG_WARN_UNREACHABLE_CODE = YES;
				CLANG_WARN__DUPLICATE_METHOD_MATCH = YES;
				COPY_PHASE_STRIP = NO;
				DEBUG_INFORMATION_FORMAT = "dwarf-with-dsym";
				ENABLE_NS_ASSERTIONS = NO;
				ENABLE_STRICT_OBJC_MSGSEND = YES;
				GCC_C_LANGUAGE_STANDARD = gnu11;
				GCC_NO_COMMON_BLOCKS = YES;
				GCC_WARN_64_TO_32_BIT_CONVERSION = YES;
				GCC_WARN_ABOUT_RETURN_TYPE = YES_ERROR;
				GCC_WARN_UNDECLARED_SELECTOR = YES;
				GCC_WARN_UNINITIALIZED_AUTOS = YES_AGGRESSIVE;
				GCC_WARN_UNUSED_FUNCTION = YES;
				GCC_WARN_UNUSED_VARIABLE = YES;
				IPHONEOS_DEPLOYMENT_TARGET = 16.2;
				MTL_ENABLE_DEBUG_INFO = NO;
				MTL_FAST_MATH = YES;
				SDKROOT = iphoneos;
				SWIFT_COMPILATION_MODE = wholemodule;
				SWIFT_OPTIMIZATION_LEVEL = "-O";
				VALIDATE_PRODUCT = YES;
			};
			name = Release;
		};
		CE28E4012A2ADE3A00663DA5 /* Debug */ = {
			isa = XCBuildConfiguration;
			baseConfigurationReference = DF60AFE8A250A94AA76E043D /* Pods-TutorialProject.debug.xcconfig */;
			buildSettings = {
				ASSETCATALOG_COMPILER_APPICON_NAME = AppIcon;
				ASSETCATALOG_COMPILER_GLOBAL_ACCENT_COLOR_NAME = AccentColor;
				CODE_SIGN_STYLE = Automatic;
				CURRENT_PROJECT_VERSION = 1;
				GENERATE_INFOPLIST_FILE = YES;
				INFOPLIST_FILE = TutorialProject/Info.plist;
				INFOPLIST_KEY_UIApplicationSupportsIndirectInputEvents = YES;
				INFOPLIST_KEY_UILaunchStoryboardName = LaunchScreen;
				INFOPLIST_KEY_UIMainStoryboardFile = Main;
				INFOPLIST_KEY_UISupportedInterfaceOrientations_iPad = "UIInterfaceOrientationPortrait UIInterfaceOrientationPortraitUpsideDown UIInterfaceOrientationLandscapeLeft UIInterfaceOrientationLandscapeRight";
				INFOPLIST_KEY_UISupportedInterfaceOrientations_iPhone = "UIInterfaceOrientationPortrait UIInterfaceOrientationLandscapeLeft UIInterfaceOrientationLandscapeRight";
				LD_RUNPATH_SEARCH_PATHS = (
					"$(inherited)",
					"@executable_path/Frameworks",
				);
				MARKETING_VERSION = 1.0;
				PRODUCT_BUNDLE_IDENTIFIER = vien.dang.TutorialProject;
				PRODUCT_NAME = "$(TARGET_NAME)";
				SWIFT_EMIT_LOC_STRINGS = YES;
				SWIFT_VERSION = 5.0;
				TARGETED_DEVICE_FAMILY = "1,2";
			};
			name = Debug;
		};
		CE28E4022A2ADE3A00663DA5 /* Release */ = {
			isa = XCBuildConfiguration;
			baseConfigurationReference = 070695996B3422D430924221 /* Pods-TutorialProject.release.xcconfig */;
			buildSettings = {
				ASSETCATALOG_COMPILER_APPICON_NAME = AppIcon;
				ASSETCATALOG_COMPILER_GLOBAL_ACCENT_COLOR_NAME = AccentColor;
				CODE_SIGN_STYLE = Automatic;
				CURRENT_PROJECT_VERSION = 1;
				GENERATE_INFOPLIST_FILE = YES;
				INFOPLIST_FILE = TutorialProject/Info.plist;
				INFOPLIST_KEY_UIApplicationSupportsIndirectInputEvents = YES;
				INFOPLIST_KEY_UILaunchStoryboardName = LaunchScreen;
				INFOPLIST_KEY_UIMainStoryboardFile = Main;
				INFOPLIST_KEY_UISupportedInterfaceOrientations_iPad = "UIInterfaceOrientationPortrait UIInterfaceOrientationPortraitUpsideDown UIInterfaceOrientationLandscapeLeft UIInterfaceOrientationLandscapeRight";
				INFOPLIST_KEY_UISupportedInterfaceOrientations_iPhone = "UIInterfaceOrientationPortrait UIInterfaceOrientationLandscapeLeft UIInterfaceOrientationLandscapeRight";
				LD_RUNPATH_SEARCH_PATHS = (
					"$(inherited)",
					"@executable_path/Frameworks",
				);
				MARKETING_VERSION = 1.0;
				PRODUCT_BUNDLE_IDENTIFIER = vien.dang.TutorialProject;
				PRODUCT_NAME = "$(TARGET_NAME)";
				SWIFT_EMIT_LOC_STRINGS = YES;
				SWIFT_VERSION = 5.0;
				TARGETED_DEVICE_FAMILY = "1,2";
			};
			name = Release;
		};
/* End XCBuildConfiguration section */

/* Begin XCConfigurationList section */
		CE2421E62A2E0AFC004A5B85 /* Build configuration list for PBXNativeTarget "TutorialProjectTests" */ = {
			isa = XCConfigurationList;
			buildConfigurations = (
				CE2421E42A2E0AFC004A5B85 /* Debug */,
				CE2421E52A2E0AFC004A5B85 /* Release */,
			);
			defaultConfigurationIsVisible = 0;
			defaultConfigurationName = Release;
		};
		CE28E3E72A2ADE3800663DA5 /* Build configuration list for PBXProject "TutorialProject" */ = {
			isa = XCConfigurationList;
			buildConfigurations = (
				CE28E3FE2A2ADE3A00663DA5 /* Debug */,
				CE28E3FF2A2ADE3A00663DA5 /* Release */,
			);
			defaultConfigurationIsVisible = 0;
			defaultConfigurationName = Release;
		};
		CE28E4002A2ADE3A00663DA5 /* Build configuration list for PBXNativeTarget "TutorialProject" */ = {
			isa = XCConfigurationList;
			buildConfigurations = (
				CE28E4012A2ADE3A00663DA5 /* Debug */,
				CE28E4022A2ADE3A00663DA5 /* Release */,
			);
			defaultConfigurationIsVisible = 0;
			defaultConfigurationName = Release;
		};
/* End XCConfigurationList section */
	};
	rootObject = CE28E3E42A2ADE3800663DA5 /* Project object */;
}
